
Microsoft Visual Studio Solution File, Format Version 12.00
# Visual Studio 15
VisualStudioVersion = 15.0.28010.2036
MinimumVisualStudioVersion = 10.0.40219.1
Project("{FAE04EC0-301F-11D3-BF4B-00C04F79EFBC}") = "HomeWork", "HomeWork\HomeWork.csproj", "{2E381114-E853-4CAC-8360-A0761A5F7F0C}"
EndProject
Global
	GlobalSection(SolutionConfigurationPlatforms) = preSolution
		Debug|Any CPU = Debug|Any CPU
		Release|Any CPU = Release|Any CPU
	EndGlobalSection
	GlobalSection(ProjectConfigurationPlatforms) = postSolution
		{2E381114-E853-4CAC-8360-A0761A5F7F0C}.Debug|Any CPU.ActiveCfg = Debug|Any CPU
		{2E381114-E853-4CAC-8360-A0761A5F7F0C}.Debug|Any CPU.Build.0 = Debug|Any CPU
		{2E381114-E853-4CAC-8360-A0761A5F7F0C}.Release|Any CPU.ActiveCfg = Release|Any CPU
		{2E381114-E853-4CAC-8360-A0761A5F7F0C}.Release|Any CPU.Build.0 = Release|Any CPU
	EndGlobalSection
	GlobalSection(SolutionProperties) = preSolution
		HideSolutionNode = FALSE
	EndGlobalSection
	GlobalSection(ExtensibilityGlobals) = postSolution
		SolutionGuid = {D2E8764C-3529-4A5D-A89D-D1DABE3E8AC9}
	EndGlobalSection
EndGlobal
